
Microsoft Visual Studio Solution File, Format Version 12.00
# Visual Studio Version 17
VisualStudioVersion = 17.3.32929.385
MinimumVisualStudioVersion = 10.0.40219.1
Project("{FAE04EC0-301F-11D3-BF4B-00C04F79EFBC}") = "Geopharm-testttt", "Geopharm-testttt.csproj", "{48440D0A-142B-4A4D-A0E7-74413CB23595}"
EndProject
Project("{E53339B2-1760-4266-BCC7-CA923CBCF16C}") = "docker-compose", "docker-compose.dcproj", "{CED3B740-11F1-417A-A095-409D13B2BD0A}"
EndProject
Global
	GlobalSection(SolutionConfigurationPlatforms) = preSolution
		Debug|Any CPU = Debug|Any CPU
		Release|Any CPU = Release|Any CPU
	EndGlobalSection
	GlobalSection(ProjectConfigurationPlatforms) = postSolution
		{48440D0A-142B-4A4D-A0E7-74413CB23595}.Debug|Any CPU.ActiveCfg = Debug|Any CPU
		{48440D0A-142B-4A4D-A0E7-74413CB23595}.Debug|Any CPU.Build.0 = Debug|Any CPU
		{48440D0A-142B-4A4D-A0E7-74413CB23595}.Release|Any CPU.ActiveCfg = Release|Any CPU
		{48440D0A-142B-4A4D-A0E7-74413CB23595}.Release|Any CPU.Build.0 = Release|Any CPU
		{CED3B740-11F1-417A-A095-409D13B2BD0A}.Debug|Any CPU.ActiveCfg = Debug|Any CPU
		{CED3B740-11F1-417A-A095-409D13B2BD0A}.Debug|Any CPU.Build.0 = Debug|Any CPU
		{CED3B740-11F1-417A-A095-409D13B2BD0A}.Release|Any CPU.ActiveCfg = Release|Any CPU
		{CED3B740-11F1-417A-A095-409D13B2BD0A}.Release|Any CPU.Build.0 = Release|Any CPU
	EndGlobalSection
	GlobalSection(SolutionProperties) = preSolution
		HideSolutionNode = FALSE
	EndGlobalSection
	GlobalSection(ExtensibilityGlobals) = postSolution
		SolutionGuid = {F7B5F7D9-CA8F-47AA-B117-11E0524BD876}
	EndGlobalSection
EndGlobal
